
Microsoft Visual Studio Solution File, Format Version 12.00
# Visual Studio Version 17
VisualStudioVersion = 17.9.34728.123
MinimumVisualStudioVersion = 10.0.40219.1
Project("{FAE04EC0-301F-11D3-BF4B-00C04F79EFBC}") = "zadanie5", "zadanie5\zadanie5.csproj", "{CEEFFC9E-381E-4086-902C-F1593E7B344B}"
EndProject
Global
	GlobalSection(SolutionConfigurationPlatforms) = preSolution
		Debug|Any CPU = Debug|Any CPU
		Release|Any CPU = Release|Any CPU
	EndGlobalSection
	GlobalSection(ProjectConfigurationPlatforms) = postSolution
		{CEEFFC9E-381E-4086-902C-F1593E7B344B}.Debug|Any CPU.ActiveCfg = Debug|Any CPU
		{CEEFFC9E-381E-4086-902C-F1593E7B344B}.Debug|Any CPU.Build.0 = Debug|Any CPU
		{CEEFFC9E-381E-4086-902C-F1593E7B344B}.Release|Any CPU.ActiveCfg = Release|Any CPU
		{CEEFFC9E-381E-4086-902C-F1593E7B344B}.Release|Any CPU.Build.0 = Release|Any CPU
	EndGlobalSection
	GlobalSection(SolutionProperties) = preSolution
		HideSolutionNode = FALSE
	EndGlobalSection
	GlobalSection(ExtensibilityGlobals) = postSolution
		SolutionGuid = {69AA8702-A508-4FC0-8D23-9E6B33FD8B28}
	EndGlobalSection
EndGlobal
